
Microsoft Visual Studio Solution File, Format Version 12.00
# Visual Studio Version 17
VisualStudioVersion = 17.10.35122.118
MinimumVisualStudioVersion = 10.0.40219.1
Project("{FAE04EC0-301F-11D3-BF4B-00C04F79EFBC}") = "SortingAlgorithm", "SortingAlgorithm.csproj", "{2E2657FE-DFEF-4A8D-8E8E-9CD02F572DB6}"
EndProject
Global
	GlobalSection(SolutionConfigurationPlatforms) = preSolution
		Debug|Any CPU = Debug|Any CPU
		Release|Any CPU = Release|Any CPU
	EndGlobalSection
	GlobalSection(ProjectConfigurationPlatforms) = postSolution
		{2E2657FE-DFEF-4A8D-8E8E-9CD02F572DB6}.Debug|Any CPU.ActiveCfg = Debug|Any CPU
		{2E2657FE-DFEF-4A8D-8E8E-9CD02F572DB6}.Debug|Any CPU.Build.0 = Debug|Any CPU
		{2E2657FE-DFEF-4A8D-8E8E-9CD02F572DB6}.Release|Any CPU.ActiveCfg = Release|Any CPU
		{2E2657FE-DFEF-4A8D-8E8E-9CD02F572DB6}.Release|Any CPU.Build.0 = Release|Any CPU
	EndGlobalSection
	GlobalSection(SolutionProperties) = preSolution
		HideSolutionNode = FALSE
	EndGlobalSection
	GlobalSection(ExtensibilityGlobals) = postSolution
		SolutionGuid = {A4F249F9-9047-4278-8D75-E9042AFC9766}
	EndGlobalSection
EndGlobal
