
Microsoft Visual Studio Solution File, Format Version 12.00
# Visual Studio Version 17
VisualStudioVersion = 17.10.35122.118
MinimumVisualStudioVersion = 10.0.40219.1
Project("{FAE04EC0-301F-11D3-BF4B-00C04F79EFBC}") = "StackQueueHashMapFunctions", "StackQueueHashMapFunctions.csproj", "{BB929538-C356-4974-8187-6411CC70E38E}"
EndProject
Global
	GlobalSection(SolutionConfigurationPlatforms) = preSolution
		Debug|Any CPU = Debug|Any CPU
		Release|Any CPU = Release|Any CPU
	EndGlobalSection
	GlobalSection(ProjectConfigurationPlatforms) = postSolution
		{BB929538-C356-4974-8187-6411CC70E38E}.Debug|Any CPU.ActiveCfg = Debug|Any CPU
		{BB929538-C356-4974-8187-6411CC70E38E}.Debug|Any CPU.Build.0 = Debug|Any CPU
		{BB929538-C356-4974-8187-6411CC70E38E}.Release|Any CPU.ActiveCfg = Release|Any CPU
		{BB929538-C356-4974-8187-6411CC70E38E}.Release|Any CPU.Build.0 = Release|Any CPU
	EndGlobalSection
	GlobalSection(SolutionProperties) = preSolution
		HideSolutionNode = FALSE
	EndGlobalSection
	GlobalSection(ExtensibilityGlobals) = postSolution
		SolutionGuid = {B93B15AE-273E-4C68-B75D-1D407FB9CC18}
	EndGlobalSection
EndGlobal
